
Microsoft Visual Studio Solution File, Format Version 12.00
# Visual Studio Version 16
VisualStudioVersion = 16.0.30717.126
MinimumVisualStudioVersion = 10.0.40219.1
Project("{FAE04EC0-301F-11D3-BF4B-00C04F79EFBC}") = "Uri1036", "Uri1036\Uri1036.csproj", "{937161D0-79AE-4FD0-9586-6E8818B30285}"
EndProject
Global
	GlobalSection(SolutionConfigurationPlatforms) = preSolution
		Debug|Any CPU = Debug|Any CPU
		Release|Any CPU = Release|Any CPU
	EndGlobalSection
	GlobalSection(ProjectConfigurationPlatforms) = postSolution
		{937161D0-79AE-4FD0-9586-6E8818B30285}.Debug|Any CPU.ActiveCfg = Debug|Any CPU
		{937161D0-79AE-4FD0-9586-6E8818B30285}.Debug|Any CPU.Build.0 = Debug|Any CPU
		{937161D0-79AE-4FD0-9586-6E8818B30285}.Release|Any CPU.ActiveCfg = Release|Any CPU
		{937161D0-79AE-4FD0-9586-6E8818B30285}.Release|Any CPU.Build.0 = Release|Any CPU
	EndGlobalSection
	GlobalSection(SolutionProperties) = preSolution
		HideSolutionNode = FALSE
	EndGlobalSection
	GlobalSection(ExtensibilityGlobals) = postSolution
		SolutionGuid = {91AC203C-646B-431B-8BC0-D80419B5B730}
	EndGlobalSection
EndGlobal
