
Microsoft Visual Studio Solution File, Format Version 12.00
# Visual Studio Version 16
VisualStudioVersion = 16.0.30717.126
MinimumVisualStudioVersion = 10.0.40219.1
Project("{FAE04EC0-301F-11D3-BF4B-00C04F79EFBC}") = "Uri1115", "Uri1115\Uri1115.csproj", "{081D898F-3E6E-410C-87AD-DBAD79498971}"
EndProject
Global
	GlobalSection(SolutionConfigurationPlatforms) = preSolution
		Debug|Any CPU = Debug|Any CPU
		Release|Any CPU = Release|Any CPU
	EndGlobalSection
	GlobalSection(ProjectConfigurationPlatforms) = postSolution
		{081D898F-3E6E-410C-87AD-DBAD79498971}.Debug|Any CPU.ActiveCfg = Debug|Any CPU
		{081D898F-3E6E-410C-87AD-DBAD79498971}.Debug|Any CPU.Build.0 = Debug|Any CPU
		{081D898F-3E6E-410C-87AD-DBAD79498971}.Release|Any CPU.ActiveCfg = Release|Any CPU
		{081D898F-3E6E-410C-87AD-DBAD79498971}.Release|Any CPU.Build.0 = Release|Any CPU
	EndGlobalSection
	GlobalSection(SolutionProperties) = preSolution
		HideSolutionNode = FALSE
	EndGlobalSection
	GlobalSection(ExtensibilityGlobals) = postSolution
		SolutionGuid = {A100AD14-607A-4E0A-A47B-89FE56539CA6}
	EndGlobalSection
EndGlobal
