
Microsoft Visual Studio Solution File, Format Version 12.00
# Visual Studio Version 16
VisualStudioVersion = 16.0.30717.126
MinimumVisualStudioVersion = 10.0.40219.1
Project("{FAE04EC0-301F-11D3-BF4B-00C04F79EFBC}") = "Uri1010", "Uri1010\Uri1010.csproj", "{1F94252B-8D64-4542-B6B8-306375F44DC8}"
EndProject
Global
	GlobalSection(SolutionConfigurationPlatforms) = preSolution
		Debug|Any CPU = Debug|Any CPU
		Release|Any CPU = Release|Any CPU
	EndGlobalSection
	GlobalSection(ProjectConfigurationPlatforms) = postSolution
		{1F94252B-8D64-4542-B6B8-306375F44DC8}.Debug|Any CPU.ActiveCfg = Debug|Any CPU
		{1F94252B-8D64-4542-B6B8-306375F44DC8}.Debug|Any CPU.Build.0 = Debug|Any CPU
		{1F94252B-8D64-4542-B6B8-306375F44DC8}.Release|Any CPU.ActiveCfg = Release|Any CPU
		{1F94252B-8D64-4542-B6B8-306375F44DC8}.Release|Any CPU.Build.0 = Release|Any CPU
	EndGlobalSection
	GlobalSection(SolutionProperties) = preSolution
		HideSolutionNode = FALSE
	EndGlobalSection
	GlobalSection(ExtensibilityGlobals) = postSolution
		SolutionGuid = {4C1106C7-B023-4527-B9A3-42E6C2055CC3}
	EndGlobalSection
EndGlobal
