
Microsoft Visual Studio Solution File, Format Version 12.00
# Visual Studio Version 16
VisualStudioVersion = 16.0.30717.126
MinimumVisualStudioVersion = 10.0.40219.1
Project("{FAE04EC0-301F-11D3-BF4B-00C04F79EFBC}") = "Uri1018", "Uri1018\Uri1018.csproj", "{5EA5E519-C808-4C5A-91AF-19F33284F6F4}"
EndProject
Global
	GlobalSection(SolutionConfigurationPlatforms) = preSolution
		Debug|Any CPU = Debug|Any CPU
		Release|Any CPU = Release|Any CPU
	EndGlobalSection
	GlobalSection(ProjectConfigurationPlatforms) = postSolution
		{5EA5E519-C808-4C5A-91AF-19F33284F6F4}.Debug|Any CPU.ActiveCfg = Debug|Any CPU
		{5EA5E519-C808-4C5A-91AF-19F33284F6F4}.Debug|Any CPU.Build.0 = Debug|Any CPU
		{5EA5E519-C808-4C5A-91AF-19F33284F6F4}.Release|Any CPU.ActiveCfg = Release|Any CPU
		{5EA5E519-C808-4C5A-91AF-19F33284F6F4}.Release|Any CPU.Build.0 = Release|Any CPU
	EndGlobalSection
	GlobalSection(SolutionProperties) = preSolution
		HideSolutionNode = FALSE
	EndGlobalSection
	GlobalSection(ExtensibilityGlobals) = postSolution
		SolutionGuid = {CF9827F9-4823-4921-914B-2F2B07E76A45}
	EndGlobalSection
EndGlobal
