
Microsoft Visual Studio Solution File, Format Version 12.00
# Visual Studio Version 16
VisualStudioVersion = 16.0.30717.126
MinimumVisualStudioVersion = 10.0.40219.1
Project("{FAE04EC0-301F-11D3-BF4B-00C04F79EFBC}") = "Uri1078", "Uri1078\Uri1078.csproj", "{D088858A-E339-4C4F-977D-9819D495407B}"
EndProject
Global
	GlobalSection(SolutionConfigurationPlatforms) = preSolution
		Debug|Any CPU = Debug|Any CPU
		Release|Any CPU = Release|Any CPU
	EndGlobalSection
	GlobalSection(ProjectConfigurationPlatforms) = postSolution
		{D088858A-E339-4C4F-977D-9819D495407B}.Debug|Any CPU.ActiveCfg = Debug|Any CPU
		{D088858A-E339-4C4F-977D-9819D495407B}.Debug|Any CPU.Build.0 = Debug|Any CPU
		{D088858A-E339-4C4F-977D-9819D495407B}.Release|Any CPU.ActiveCfg = Release|Any CPU
		{D088858A-E339-4C4F-977D-9819D495407B}.Release|Any CPU.Build.0 = Release|Any CPU
	EndGlobalSection
	GlobalSection(SolutionProperties) = preSolution
		HideSolutionNode = FALSE
	EndGlobalSection
	GlobalSection(ExtensibilityGlobals) = postSolution
		SolutionGuid = {ABF95D58-97B0-4B08-9413-1A0F545BE750}
	EndGlobalSection
EndGlobal
