
Microsoft Visual Studio Solution File, Format Version 12.00
# Visual Studio Version 16
VisualStudioVersion = 16.0.30717.126
MinimumVisualStudioVersion = 10.0.40219.1
Project("{FAE04EC0-301F-11D3-BF4B-00C04F79EFBC}") = "Uri1047", "Uri1047\Uri1047.csproj", "{CBA76133-1E7B-4135-95E0-108D803F3390}"
EndProject
Global
	GlobalSection(SolutionConfigurationPlatforms) = preSolution
		Debug|Any CPU = Debug|Any CPU
		Release|Any CPU = Release|Any CPU
	EndGlobalSection
	GlobalSection(ProjectConfigurationPlatforms) = postSolution
		{CBA76133-1E7B-4135-95E0-108D803F3390}.Debug|Any CPU.ActiveCfg = Debug|Any CPU
		{CBA76133-1E7B-4135-95E0-108D803F3390}.Debug|Any CPU.Build.0 = Debug|Any CPU
		{CBA76133-1E7B-4135-95E0-108D803F3390}.Release|Any CPU.ActiveCfg = Release|Any CPU
		{CBA76133-1E7B-4135-95E0-108D803F3390}.Release|Any CPU.Build.0 = Release|Any CPU
	EndGlobalSection
	GlobalSection(SolutionProperties) = preSolution
		HideSolutionNode = FALSE
	EndGlobalSection
	GlobalSection(ExtensibilityGlobals) = postSolution
		SolutionGuid = {5366FAF7-4860-4C2F-AD64-CA2C48CC403D}
	EndGlobalSection
EndGlobal
