
Microsoft Visual Studio Solution File, Format Version 12.00
# Visual Studio Version 16
VisualStudioVersion = 16.0.30717.126
MinimumVisualStudioVersion = 10.0.40219.1
Project("{FAE04EC0-301F-11D3-BF4B-00C04F79EFBC}") = "Uri1009", "Uri1009\Uri1009.csproj", "{0539F1F6-210C-4B65-8760-3EF0C6952409}"
EndProject
Global
	GlobalSection(SolutionConfigurationPlatforms) = preSolution
		Debug|Any CPU = Debug|Any CPU
		Release|Any CPU = Release|Any CPU
	EndGlobalSection
	GlobalSection(ProjectConfigurationPlatforms) = postSolution
		{0539F1F6-210C-4B65-8760-3EF0C6952409}.Debug|Any CPU.ActiveCfg = Debug|Any CPU
		{0539F1F6-210C-4B65-8760-3EF0C6952409}.Debug|Any CPU.Build.0 = Debug|Any CPU
		{0539F1F6-210C-4B65-8760-3EF0C6952409}.Release|Any CPU.ActiveCfg = Release|Any CPU
		{0539F1F6-210C-4B65-8760-3EF0C6952409}.Release|Any CPU.Build.0 = Release|Any CPU
	EndGlobalSection
	GlobalSection(SolutionProperties) = preSolution
		HideSolutionNode = FALSE
	EndGlobalSection
	GlobalSection(ExtensibilityGlobals) = postSolution
		SolutionGuid = {1C0F1EB3-AE73-419C-B6DA-A9DB0A17DE6A}
	EndGlobalSection
EndGlobal
