
Microsoft Visual Studio Solution File, Format Version 12.00
# Visual Studio Version 16
VisualStudioVersion = 16.0.30717.126
MinimumVisualStudioVersion = 10.0.40219.1
Project("{FAE04EC0-301F-11D3-BF4B-00C04F79EFBC}") = "Uri1015", "Uri1015\Uri1015.csproj", "{AB20FF68-AF40-42E5-9B83-6F756EE5DB0D}"
EndProject
Global
	GlobalSection(SolutionConfigurationPlatforms) = preSolution
		Debug|Any CPU = Debug|Any CPU
		Release|Any CPU = Release|Any CPU
	EndGlobalSection
	GlobalSection(ProjectConfigurationPlatforms) = postSolution
		{AB20FF68-AF40-42E5-9B83-6F756EE5DB0D}.Debug|Any CPU.ActiveCfg = Debug|Any CPU
		{AB20FF68-AF40-42E5-9B83-6F756EE5DB0D}.Debug|Any CPU.Build.0 = Debug|Any CPU
		{AB20FF68-AF40-42E5-9B83-6F756EE5DB0D}.Release|Any CPU.ActiveCfg = Release|Any CPU
		{AB20FF68-AF40-42E5-9B83-6F756EE5DB0D}.Release|Any CPU.Build.0 = Release|Any CPU
	EndGlobalSection
	GlobalSection(SolutionProperties) = preSolution
		HideSolutionNode = FALSE
	EndGlobalSection
	GlobalSection(ExtensibilityGlobals) = postSolution
		SolutionGuid = {6D6A351D-8D1A-413C-8395-46476C735B48}
	EndGlobalSection
EndGlobal
