
Microsoft Visual Studio Solution File, Format Version 12.00
# Visual Studio Version 16
VisualStudioVersion = 16.0.30717.126
MinimumVisualStudioVersion = 10.0.40219.1
Project("{FAE04EC0-301F-11D3-BF4B-00C04F79EFBC}") = "Uri1002", "Uri1002\Uri1002.csproj", "{3BF75FD2-9B3D-4396-B2C1-90C90C163525}"
EndProject
Global
	GlobalSection(SolutionConfigurationPlatforms) = preSolution
		Debug|Any CPU = Debug|Any CPU
		Release|Any CPU = Release|Any CPU
	EndGlobalSection
	GlobalSection(ProjectConfigurationPlatforms) = postSolution
		{3BF75FD2-9B3D-4396-B2C1-90C90C163525}.Debug|Any CPU.ActiveCfg = Debug|Any CPU
		{3BF75FD2-9B3D-4396-B2C1-90C90C163525}.Debug|Any CPU.Build.0 = Debug|Any CPU
		{3BF75FD2-9B3D-4396-B2C1-90C90C163525}.Release|Any CPU.ActiveCfg = Release|Any CPU
		{3BF75FD2-9B3D-4396-B2C1-90C90C163525}.Release|Any CPU.Build.0 = Release|Any CPU
	EndGlobalSection
	GlobalSection(SolutionProperties) = preSolution
		HideSolutionNode = FALSE
	EndGlobalSection
	GlobalSection(ExtensibilityGlobals) = postSolution
		SolutionGuid = {F068C161-9B6F-4607-B40C-5714A717C8E6}
	EndGlobalSection
EndGlobal
