
Microsoft Visual Studio Solution File, Format Version 12.00
# Visual Studio Version 16
VisualStudioVersion = 16.0.30717.126
MinimumVisualStudioVersion = 10.0.40219.1
Project("{FAE04EC0-301F-11D3-BF4B-00C04F79EFBC}") = "Uri1020", "Uri1020\Uri1020.csproj", "{0D63052A-3AF4-4BC2-BA02-E60F03A0B4FB}"
EndProject
Global
	GlobalSection(SolutionConfigurationPlatforms) = preSolution
		Debug|Any CPU = Debug|Any CPU
		Release|Any CPU = Release|Any CPU
	EndGlobalSection
	GlobalSection(ProjectConfigurationPlatforms) = postSolution
		{0D63052A-3AF4-4BC2-BA02-E60F03A0B4FB}.Debug|Any CPU.ActiveCfg = Debug|Any CPU
		{0D63052A-3AF4-4BC2-BA02-E60F03A0B4FB}.Debug|Any CPU.Build.0 = Debug|Any CPU
		{0D63052A-3AF4-4BC2-BA02-E60F03A0B4FB}.Release|Any CPU.ActiveCfg = Release|Any CPU
		{0D63052A-3AF4-4BC2-BA02-E60F03A0B4FB}.Release|Any CPU.Build.0 = Release|Any CPU
	EndGlobalSection
	GlobalSection(SolutionProperties) = preSolution
		HideSolutionNode = FALSE
	EndGlobalSection
	GlobalSection(ExtensibilityGlobals) = postSolution
		SolutionGuid = {AD89BFF7-F9CA-46ED-B3CB-CE4CB4A1F11D}
	EndGlobalSection
EndGlobal
